
Microsoft Visual Studio Solution File, Format Version 12.00
Project("{FAE04EC0-301F-11D3-BF4B-00C04F79EFBC}") = "EfiritPro.Retail.Packages.Rabbit", "EfiritPro.Retail.Packages.Rabbit.csproj", "{6D84592F-155C-4A1E-8209-8C0DC3E0CBC4}"
EndProject
Global
	GlobalSection(SolutionConfigurationPlatforms) = preSolution
		Debug|Any CPU = Debug|Any CPU
		Release|Any CPU = Release|Any CPU
	EndGlobalSection
	GlobalSection(ProjectConfigurationPlatforms) = postSolution
		{6D84592F-155C-4A1E-8209-8C0DC3E0CBC4}.Debug|Any CPU.ActiveCfg = Debug|Any CPU
		{6D84592F-155C-4A1E-8209-8C0DC3E0CBC4}.Debug|Any CPU.Build.0 = Debug|Any CPU
		{6D84592F-155C-4A1E-8209-8C0DC3E0CBC4}.Release|Any CPU.ActiveCfg = Release|Any CPU
		{6D84592F-155C-4A1E-8209-8C0DC3E0CBC4}.Release|Any CPU.Build.0 = Release|Any CPU
	EndGlobalSection
EndGlobal
